# This file is automatically @generated by Poetry and should not be changed by hand.

[[package]]
name = "meeseeks-singleton"
version = "0.4.2"
description = "A Singleton python project"
category = "main"
optional = false
python-versions = ">=3.8,<4.0"
files = [
    {file = "meeseeks_singleton-0.4.2-py3-none-any.whl", hash = "sha256:d59d715c418f90a1215b972ff789b60d1121daac58e9b6eada348a4b66c4aa9d"},
    {file = "meeseeks_singleton-0.4.2.tar.gz", hash = "sha256:03373dd9f484925cf667de56c6c45a1a1120cb06df29fd0d98021be127dbb8ce"},
]

[[package]]
name = "romeways-memory-queue"
version = "0.1.0"
description = ""
category = "main"
optional = true
python-versions = "^3.11"
files = []
develop = false

[package.source]
type = "directory"
url = "romeways_extras/memory_queue"

[extras]
memory = ["romeways_memory_queue"]

[metadata]
lock-version = "2.0"
python-versions = "^3.11"
content-hash = "29976d91b58ddbc88205ce8514501add00c30a71010d057a7367120c962b9286"
